
Microsoft Visual Studio Solution File, Format Version 12.00
# Visual Studio Version 17
VisualStudioVersion = 17.11.35222.181
MinimumVisualStudioVersion = 10.0.40219.1
Project("{FAE04EC0-301F-11D3-BF4B-00C04F79EFBC}") = "DVWalks_API", "DVWalks_API\DVWalks_API.csproj", "{B5285715-7FF8-4F27-A414-93B00982BB2C}"
EndProject
Global
	GlobalSection(SolutionConfigurationPlatforms) = preSolution
		Debug|Any CPU = Debug|Any CPU
		Release|Any CPU = Release|Any CPU
	EndGlobalSection
	GlobalSection(ProjectConfigurationPlatforms) = postSolution
		{B5285715-7FF8-4F27-A414-93B00982BB2C}.Debug|Any CPU.ActiveCfg = Debug|Any CPU
		{B5285715-7FF8-4F27-A414-93B00982BB2C}.Debug|Any CPU.Build.0 = Debug|Any CPU
		{B5285715-7FF8-4F27-A414-93B00982BB2C}.Release|Any CPU.ActiveCfg = Release|Any CPU
		{B5285715-7FF8-4F27-A414-93B00982BB2C}.Release|Any CPU.Build.0 = Release|Any CPU
	EndGlobalSection
	GlobalSection(SolutionProperties) = preSolution
		HideSolutionNode = FALSE
	EndGlobalSection
	GlobalSection(ExtensibilityGlobals) = postSolution
		SolutionGuid = {DCFE3462-FD9D-4B32-984F-19B92714D0CA}
	EndGlobalSection
EndGlobal
